# THIS IS AN AUTOGENERATED FILE. DO NOT EDIT THIS FILE DIRECTLY.
# yarn lockfile v1


"@babel/runtime@^7.13.10":
  version "7.22.5"
  resolved "https://registry.yarnpkg.com/@babel/runtime/-/runtime-7.22.5.tgz#8564dd588182ce0047d55d7a75e93921107b57ec"
  integrity sha512-ecjvYlnAaZ/KVneE/OdKYBYfgXV3Ptu6zQWmgEF7vwKhQnvVS6bjMD2XYgj+SNvQ1GfK/pjgokfPkC/2CO8CuA==
  dependencies:
    regenerator-runtime "^0.13.11"

"@discoveryjs/json-ext@^0.5.0":
  version "0.5.7"
  resolved "https://registry.npm.alibaba-inc.com/@discoveryjs/json-ext/download/@discoveryjs/json-ext-0.5.7.tgz#1d572bfbbe14b7704e0ba0f39b74815b84870d70"
  integrity sha512-dBVuXR082gk3jsFp7Rd/JI4kytwGHecnCoTtXFb7DB6CNHp4rg5k1bhg0nWdLGLnOV71lmDzGQaLMy8iPLY0pw==

"@jridgewell/gen-mapping@^0.3.0":
  version "0.3.3"
  resolved "https://registry.npm.alibaba-inc.com/@jridgewell/gen-mapping/download/@jridgewell/gen-mapping-0.3.3.tgz#7e02e6eb5df901aaedb08514203b096614024098"
  integrity sha512-HLhSWOLRi875zjjMG/r+Nv0oCW8umGb0BgEhyX3dDX3egwZtB8PqLnjz3yedt8R5StBrzcg4aBpnh8UA9D1BoQ==
  dependencies:
    "@jridgewell/set-array" "^1.0.1"
    "@jridgewell/sourcemap-codec" "^1.4.10"
    "@jridgewell/trace-mapping" "^0.3.9"

"@jridgewell/resolve-uri@3.1.0":
  version "3.1.0"
  resolved "https://registry.npm.alibaba-inc.com/@jridgewell/resolve-uri/download/@jridgewell/resolve-uri-3.1.0.tgz#2203b118c157721addfe69d47b70465463066d78"
  integrity sha512-F2msla3tad+Mfht5cJq7LSXcdudKTWCVYUgw6pLFOOHSTtZlj6SWNYAp+AhuqLmWdBO2X5hPrLcu8cVP8fy28w==

"@jridgewell/set-array@^1.0.1":
  version "1.1.2"
  resolved "https://registry.npm.alibaba-inc.com/@jridgewell/set-array/download/@jridgewell/set-array-1.1.2.tgz#7c6cf998d6d20b914c0a55a91ae928ff25965e72"
  integrity sha512-xnkseuNADM0gt2bs+BvhO0p78Mk762YnZdsuzFV018NoG1Sj1SCQvpSqa7XUaTam5vAGasABV9qXASMKnFMwMw==

"@jridgewell/source-map@^0.3.3":
  version "0.3.3"
  resolved "https://registry.npm.alibaba-inc.com/@jridgewell/source-map/download/@jridgewell/source-map-0.3.3.tgz#8108265659d4c33e72ffe14e33d6cc5eb59f2fda"
  integrity sha512-b+fsZXeLYi9fEULmfBrhxn4IrPlINf8fiNarzTof004v3lFdntdwa9PF7vFJqm3mg7s+ScJMxXaE3Acp1irZcg==
  dependencies:
    "@jridgewell/gen-mapping" "^0.3.0"
    "@jridgewell/trace-mapping" "^0.3.9"

"@jridgewell/sourcemap-codec@1.4.14":
  version "1.4.14"
  resolved "https://registry.npm.alibaba-inc.com/@jridgewell/sourcemap-codec/download/@jridgewell/sourcemap-codec-1.4.14.tgz#add4c98d341472a289190b424efbdb096991bb24"
  integrity sha512-XPSJHWmi394fuUuzDnGz1wiKqWfo1yXecHQMRf2l6hztTO+nPru658AyDngaBe7isIxEkRsPR3FZh+s7iVa4Uw==

"@jridgewell/sourcemap-codec@^1.4.10":
  version "1.4.15"
  resolved "https://registry.npm.alibaba-inc.com/@jridgewell/sourcemap-codec/download/@jridgewell/sourcemap-codec-1.4.15.tgz#d7c6e6755c78567a951e04ab52ef0fd26de59f32"
  integrity sha512-eF2rxCRulEKXHTRiDrDy6erMYWqNw4LPdQ8UQA4huuxaQsVeRPFl2oM8oDGxMFhJUWZf9McpLtJasDDZb/Bpeg==

"@jridgewell/trace-mapping@^0.3.17", "@jridgewell/trace-mapping@^0.3.9":
  version "0.3.18"
  resolved "https://registry.npm.alibaba-inc.com/@jridgewell/trace-mapping/download/@jridgewell/trace-mapping-0.3.18.tgz#25783b2086daf6ff1dcb53c9249ae480e4dd4cd6"
  integrity sha512-w+niJYzMHdd7USdiH2U6869nqhD2nbfZXND5Yp93qIbEmnDNk7PD48o+YchRVpzMU7M6jVCbenTR7PA1FLQ9pA==
  dependencies:
    "@jridgewell/resolve-uri" "3.1.0"
    "@jridgewell/sourcemap-codec" "1.4.14"

"@radix-ui/react-avatar@^1.0.3":
  version "1.0.3"
  resolved "https://registry.yarnpkg.com/@radix-ui/react-avatar/-/react-avatar-1.0.3.tgz#06a31d06bfb03be5e0d156a5af26a437dce96e7f"
  integrity sha512-9ToF7YNex3Ste45LrAeTlKtONI9yVRt/zOS158iilIkW5K/Apeyb/TUQlcEFTEFvWr8Kzdi2ZYrm1/suiXPajQ==
  dependencies:
    "@babel/runtime" "^7.13.10"
    "@radix-ui/react-context" "1.0.1"
    "@radix-ui/react-primitive" "1.0.3"
    "@radix-ui/react-use-callback-ref" "1.0.1"
    "@radix-ui/react-use-layout-effect" "1.0.1"

"@radix-ui/react-compose-refs@1.0.1":
  version "1.0.1"
  resolved "https://registry.yarnpkg.com/@radix-ui/react-compose-refs/-/react-compose-refs-1.0.1.tgz#7ed868b66946aa6030e580b1ffca386dd4d21989"
  integrity sha512-fDSBgd44FKHa1FRMU59qBMPFcl2PZE+2nmqunj+BWFyYYjnhIDWL2ItDs3rrbJDQOtzt5nIebLCQc4QRfz6LJw==
  dependencies:
    "@babel/runtime" "^7.13.10"

"@radix-ui/react-context@1.0.1":
  version "1.0.1"
  resolved "https://registry.yarnpkg.com/@radix-ui/react-context/-/react-context-1.0.1.tgz#fe46e67c96b240de59187dcb7a1a50ce3e2ec00c"
  integrity sha512-ebbrdFoYTcuZ0v4wG5tedGnp9tzcV8awzsxYph7gXUyvnNLuTIcCk1q17JEbnVhXAKG9oX3KtchwiMIAYp9NLg==
  dependencies:
    "@babel/runtime" "^7.13.10"

"@radix-ui/react-primitive@1.0.3":
  version "1.0.3"
  resolved "https://registry.yarnpkg.com/@radix-ui/react-primitive/-/react-primitive-1.0.3.tgz#d49ea0f3f0b2fe3ab1cb5667eb03e8b843b914d0"
  integrity sha512-yi58uVyoAcK/Nq1inRY56ZSjKypBNKTa/1mcL8qdl6oJeEaDbOldlzrGn7P6Q3Id5d+SYNGc5AJgc4vGhjs5+g==
  dependencies:
    "@babel/runtime" "^7.13.10"
    "@radix-ui/react-slot" "1.0.2"

"@radix-ui/react-slot@1.0.2":
  version "1.0.2"
  resolved "https://registry.yarnpkg.com/@radix-ui/react-slot/-/react-slot-1.0.2.tgz#a9ff4423eade67f501ffb32ec22064bc9d3099ab"
  integrity sha512-YeTpuq4deV+6DusvVUW4ivBgnkHwECUu0BiN43L5UCDFgdhsRUWAghhTF5MbvNTPzmiFOx90asDSUjWuCNapwg==
  dependencies:
    "@babel/runtime" "^7.13.10"
    "@radix-ui/react-compose-refs" "1.0.1"

"@radix-ui/react-use-callback-ref@1.0.1":
  version "1.0.1"
  resolved "https://registry.yarnpkg.com/@radix-ui/react-use-callback-ref/-/react-use-callback-ref-1.0.1.tgz#f4bb1f27f2023c984e6534317ebc411fc181107a"
  integrity sha512-D94LjX4Sp0xJFVaoQOd3OO9k7tpBYNOXdVhkltUbGv2Qb9OXdrg/CpsjlZv7ia14Sylv398LswWBVVu5nqKzAQ==
  dependencies:
    "@babel/runtime" "^7.13.10"

"@radix-ui/react-use-layout-effect@1.0.1":
  version "1.0.1"
  resolved "https://registry.yarnpkg.com/@radix-ui/react-use-layout-effect/-/react-use-layout-effect-1.0.1.tgz#be8c7bc809b0c8934acf6657b577daf948a75399"
  integrity sha512-v/5RegiJWYdoCvMnITBkNNx6bCj20fiaJnWtRkU18yITptraXjffz5Qbn05uOiQnOvi+dbkznkoaMltz1GnszQ==
  dependencies:
    "@babel/runtime" "^7.13.10"

"@types/eslint-scope@^3.7.3":
  version "3.7.4"
  resolved "https://registry.npm.alibaba-inc.com/@types/eslint-scope/download/@types/eslint-scope-3.7.4.tgz#37fc1223f0786c39627068a12e94d6e6fc61de16"
  integrity sha512-9K4zoImiZc3HlIp6AVUDE4CWYx22a+lhSZMYNpbjW04+YF0KWj4pJXnEMjdnFTiQibFFmElcsasJXDbdI/EPhA==
  dependencies:
    "@types/eslint" "*"
    "@types/estree" "*"

"@types/eslint@*":
  version "8.40.0"
  resolved "https://registry.npm.alibaba-inc.com/@types/eslint/download/@types/eslint-8.40.0.tgz#ae73dc9ec5237f2794c4f79efd6a4c73b13daf23"
  integrity sha512-nbq2mvc/tBrK9zQQuItvjJl++GTN5j06DaPtp3hZCpngmG6Q3xoyEmd0TwZI0gAy/G1X0zhGBbr2imsGFdFV0g==
  dependencies:
    "@types/estree" "*"
    "@types/json-schema" "*"

"@types/estree@*", "@types/estree@^1.0.0":
  version "1.0.1"
  resolved "https://registry.npm.alibaba-inc.com/@types/estree/download/@types/estree-1.0.1.tgz#aa22750962f3bf0e79d753d3cc067f010c95f194"
  integrity sha512-LG4opVs2ANWZ1TJoKc937iMmNstM/d0ae1vNbnBvBhqCSezgVUOzcLCqbI5elV8Vy6WKwKjaqR+zO9VKirBBCA==

"@types/json-schema@*", "@types/json-schema@^7.0.8":
  version "7.0.12"
  resolved "https://registry.npm.alibaba-inc.com/@types/json-schema/download/@types/json-schema-7.0.12.tgz#d70faba7039d5fca54c83c7dbab41051d2b6f6cb"
  integrity sha512-Hr5Jfhc9eYOQNPYO5WLDq/n4jqijdHNlDXjuAQkkt+mWdQR+XJToOHrsD4cPaMXpn6KO7y2+wM8AZEs8VpBLVA==

"@types/node@*":
  version "20.3.1"
  resolved "https://registry.npm.alibaba-inc.com/@types/node/download/@types/node-20.3.1.tgz#e8a83f1aa8b649377bb1fb5d7bac5cb90e784dfe"
  integrity sha512-EhcH/wvidPy1WeML3TtYFGR83UzjxeWRen9V402T8aUGYsCHOmfoisV3ZSg03gAFIbLq8TnWOJ0f4cALtnSEUg==

"@types/prop-types@*":
  version "15.7.5"
  resolved "https://registry.yarnpkg.com/@types/prop-types/-/prop-types-15.7.5.tgz#5f19d2b85a98e9558036f6a3cacc8819420f05cf"
  integrity sha512-JCB8C6SnDoQf0cNycqd/35A7MjcnK+ZTqE7judS6o7utxUCg6imJg3QK2qzHKszlTjcj2cn+NwMB2i96ubpj7w==

"@types/react-dom@^18.2.5":
  version "18.2.5"
  resolved "https://registry.yarnpkg.com/@types/react-dom/-/react-dom-18.2.5.tgz#5c5f13548bda23cd98f50ca4a59107238bfe18f3"
  integrity sha512-sRQsOS/sCLnpQhR4DSKGTtWFE3FZjpQa86KPVbhUqdYMRZ9FEFcfAytKhR/vUG2rH1oFbOOej6cuD7MFSobDRQ==
  dependencies:
    "@types/react" "*"

"@types/react@*", "@types/react@^18.2.12":
  version "18.2.12"
  resolved "https://registry.yarnpkg.com/@types/react/-/react-18.2.12.tgz#95d584338610b78bb9ba0415e3180fb03debdf97"
  integrity sha512-ndmBMLCgn38v3SntMeoJaIrO6tGHYKMEBohCUmw8HoLLQdRMOIGXfeYaBTLe2lsFaSB3MOK1VXscYFnmLtTSmw==
  dependencies:
    "@types/prop-types" "*"
    "@types/scheduler" "*"
    csstype "^3.0.2"

"@types/scheduler@*":
  version "0.16.3"
  resolved "https://registry.yarnpkg.com/@types/scheduler/-/scheduler-0.16.3.tgz#cef09e3ec9af1d63d2a6cc5b383a737e24e6dcf5"
  integrity sha512-5cJ8CB4yAx7BH1oMvdU0Jh9lrEXyPkar6F9G/ERswkCuvP4KQZfZkSjcMbAICCpQTN4OuZn8tz0HiKv9TGZgrQ==

"@webassemblyjs/ast@1.11.6", "@webassemblyjs/ast@^1.11.5":
  version "1.11.6"
  resolved "https://registry.npm.alibaba-inc.com/@webassemblyjs/ast/download/@webassemblyjs/ast-1.11.6.tgz#db046555d3c413f8966ca50a95176a0e2c642e24"
  integrity sha512-IN1xI7PwOvLPgjcf180gC1bqn3q/QaOCwYUahIOhbYUu8KA/3tw2RT/T0Gidi1l7Hhj5D/INhJxiICObqpMu4Q==
  dependencies:
    "@webassemblyjs/helper-numbers" "1.11.6"
    "@webassemblyjs/helper-wasm-bytecode" "1.11.6"

"@webassemblyjs/floating-point-hex-parser@1.11.6":
  version "1.11.6"
  resolved "https://registry.npm.alibaba-inc.com/@webassemblyjs/floating-point-hex-parser/download/@webassemblyjs/floating-point-hex-parser-1.11.6.tgz#dacbcb95aff135c8260f77fa3b4c5fea600a6431"
  integrity sha512-ejAj9hfRJ2XMsNHk/v6Fu2dGS+i4UaXBXGemOfQ/JfQ6mdQg/WXtwleQRLLS4OvfDhv8rYnVwH27YJLMyYsxhw==

"@webassemblyjs/helper-api-error@1.11.6":
  version "1.11.6"
  resolved "https://registry.npm.alibaba-inc.com/@webassemblyjs/helper-api-error/download/@webassemblyjs/helper-api-error-1.11.6.tgz#6132f68c4acd59dcd141c44b18cbebbd9f2fa768"
  integrity sha512-o0YkoP4pVu4rN8aTJgAyj9hC2Sv5UlkzCHhxqWj8butaLvnpdc2jOwh4ewE6CX0txSfLn/UYaV/pheS2Txg//Q==

"@webassemblyjs/helper-buffer@1.11.6":
  version "1.11.6"
  resolved "https://registry.npm.alibaba-inc.com/@webassemblyjs/helper-buffer/download/@webassemblyjs/helper-buffer-1.11.6.tgz#b66d73c43e296fd5e88006f18524feb0f2c7c093"
  integrity sha512-z3nFzdcp1mb8nEOFFk8DrYLpHvhKC3grJD2ardfKOzmbmJvEf/tPIqCY+sNcwZIY8ZD7IkB2l7/pqhUhqm7hLA==

"@webassemblyjs/helper-numbers@1.11.6":
  version "1.11.6"
  resolved "https://registry.npm.alibaba-inc.com/@webassemblyjs/helper-numbers/download/@webassemblyjs/helper-numbers-1.11.6.tgz#cbce5e7e0c1bd32cf4905ae444ef64cea919f1b5"
  integrity sha512-vUIhZ8LZoIWHBohiEObxVm6hwP034jwmc9kuq5GdHZH0wiLVLIPcMCdpJzG4C11cHoQ25TFIQj9kaVADVX7N3g==
  dependencies:
    "@webassemblyjs/floating-point-hex-parser" "1.11.6"
    "@webassemblyjs/helper-api-error" "1.11.6"
    "@xtuc/long" "4.2.2"

"@webassemblyjs/helper-wasm-bytecode@1.11.6":
  version "1.11.6"
  resolved "https://registry.npm.alibaba-inc.com/@webassemblyjs/helper-wasm-bytecode/download/@webassemblyjs/helper-wasm-bytecode-1.11.6.tgz#bb2ebdb3b83aa26d9baad4c46d4315283acd51e9"
  integrity sha512-sFFHKwcmBprO9e7Icf0+gddyWYDViL8bpPjJJl0WHxCdETktXdmtWLGVzoHbqUcY4Be1LkNfwTmXOJUFZYSJdA==

"@webassemblyjs/helper-wasm-section@1.11.6":
  version "1.11.6"
  resolved "https://registry.npm.alibaba-inc.com/@webassemblyjs/helper-wasm-section/download/@webassemblyjs/helper-wasm-section-1.11.6.tgz#ff97f3863c55ee7f580fd5c41a381e9def4aa577"
  integrity sha512-LPpZbSOwTpEC2cgn4hTydySy1Ke+XEu+ETXuoyvuyezHO3Kjdu90KK95Sh9xTbmjrCsUwvWwCOQQNta37VrS9g==
  dependencies:
    "@webassemblyjs/ast" "1.11.6"
    "@webassemblyjs/helper-buffer" "1.11.6"
    "@webassemblyjs/helper-wasm-bytecode" "1.11.6"
    "@webassemblyjs/wasm-gen" "1.11.6"

"@webassemblyjs/ieee754@1.11.6":
  version "1.11.6"
  resolved "https://registry.npm.alibaba-inc.com/@webassemblyjs/ieee754/download/@webassemblyjs/ieee754-1.11.6.tgz#bb665c91d0b14fffceb0e38298c329af043c6e3a"
  integrity sha512-LM4p2csPNvbij6U1f19v6WR56QZ8JcHg3QIJTlSwzFcmx6WSORicYj6I63f9yU1kEUtrpG+kjkiIAkevHpDXrg==
  dependencies:
    "@xtuc/ieee754" "^1.2.0"

"@webassemblyjs/leb128@1.11.6":
  version "1.11.6"
  resolved "https://registry.npm.alibaba-inc.com/@webassemblyjs/leb128/download/@webassemblyjs/leb128-1.11.6.tgz#70e60e5e82f9ac81118bc25381a0b283893240d7"
  integrity sha512-m7a0FhE67DQXgouf1tbN5XQcdWoNgaAuoULHIfGFIEVKA6tu/edls6XnIlkmS6FrXAquJRPni3ZZKjw6FSPjPQ==
  dependencies:
    "@xtuc/long" "4.2.2"

"@webassemblyjs/utf8@1.11.6":
  version "1.11.6"
  resolved "https://registry.npm.alibaba-inc.com/@webassemblyjs/utf8/download/@webassemblyjs/utf8-1.11.6.tgz#90f8bc34c561595fe156603be7253cdbcd0fab5a"
  integrity sha512-vtXf2wTQ3+up9Zsg8sa2yWiQpzSsMyXj0qViVP6xKGCUT8p8YJ6HqI7l5eCnWx1T/FYdsv07HQs2wTFbbof/RA==

"@webassemblyjs/wasm-edit@^1.11.5":
  version "1.11.6"
  resolved "https://registry.npm.alibaba-inc.com/@webassemblyjs/wasm-edit/download/@webassemblyjs/wasm-edit-1.11.6.tgz#c72fa8220524c9b416249f3d94c2958dfe70ceab"
  integrity sha512-Ybn2I6fnfIGuCR+Faaz7YcvtBKxvoLV3Lebn1tM4o/IAJzmi9AWYIPWpyBfU8cC+JxAO57bk4+zdsTjJR+VTOw==
  dependencies:
    "@webassemblyjs/ast" "1.11.6"
    "@webassemblyjs/helper-buffer" "1.11.6"
    "@webassemblyjs/helper-wasm-bytecode" "1.11.6"
    "@webassemblyjs/helper-wasm-section" "1.11.6"
    "@webassemblyjs/wasm-gen" "1.11.6"
    "@webassemblyjs/wasm-opt" "1.11.6"
    "@webassemblyjs/wasm-parser" "1.11.6"
    "@webassemblyjs/wast-printer" "1.11.6"

"@webassemblyjs/wasm-gen@1.11.6":
  version "1.11.6"
  resolved "https://registry.npm.alibaba-inc.com/@webassemblyjs/wasm-gen/download/@webassemblyjs/wasm-gen-1.11.6.tgz#fb5283e0e8b4551cc4e9c3c0d7184a65faf7c268"
  integrity sha512-3XOqkZP/y6B4F0PBAXvI1/bky7GryoogUtfwExeP/v7Nzwo1QLcq5oQmpKlftZLbT+ERUOAZVQjuNVak6UXjPA==
  dependencies:
    "@webassemblyjs/ast" "1.11.6"
    "@webassemblyjs/helper-wasm-bytecode" "1.11.6"
    "@webassemblyjs/ieee754" "1.11.6"
    "@webassemblyjs/leb128" "1.11.6"
    "@webassemblyjs/utf8" "1.11.6"

"@webassemblyjs/wasm-opt@1.11.6":
  version "1.11.6"
  resolved "https://registry.npm.alibaba-inc.com/@webassemblyjs/wasm-opt/download/@webassemblyjs/wasm-opt-1.11.6.tgz#d9a22d651248422ca498b09aa3232a81041487c2"
  integrity sha512-cOrKuLRE7PCe6AsOVl7WasYf3wbSo4CeOk6PkrjS7g57MFfVUF9u6ysQBBODX0LdgSvQqRiGz3CXvIDKcPNy4g==
  dependencies:
    "@webassemblyjs/ast" "1.11.6"
    "@webassemblyjs/helper-buffer" "1.11.6"
    "@webassemblyjs/wasm-gen" "1.11.6"
    "@webassemblyjs/wasm-parser" "1.11.6"

"@webassemblyjs/wasm-parser@1.11.6", "@webassemblyjs/wasm-parser@^1.11.5":
  version "1.11.6"
  resolved "https://registry.npm.alibaba-inc.com/@webassemblyjs/wasm-parser/download/@webassemblyjs/wasm-parser-1.11.6.tgz#bb85378c527df824004812bbdb784eea539174a1"
  integrity sha512-6ZwPeGzMJM3Dqp3hCsLgESxBGtT/OeCvCZ4TA1JUPYgmhAx38tTPR9JaKy0S5H3evQpO/h2uWs2j6Yc/fjkpTQ==
  dependencies:
    "@webassemblyjs/ast" "1.11.6"
    "@webassemblyjs/helper-api-error" "1.11.6"
    "@webassemblyjs/helper-wasm-bytecode" "1.11.6"
    "@webassemblyjs/ieee754" "1.11.6"
    "@webassemblyjs/leb128" "1.11.6"
    "@webassemblyjs/utf8" "1.11.6"

"@webassemblyjs/wast-printer@1.11.6":
  version "1.11.6"
  resolved "https://registry.npm.alibaba-inc.com/@webassemblyjs/wast-printer/download/@webassemblyjs/wast-printer-1.11.6.tgz#a7bf8dd7e362aeb1668ff43f35cb849f188eff20"
  integrity sha512-JM7AhRcE+yW2GWYaKeHL5vt4xqee5N2WcezptmgyhNS+ScggqcT1OtXykhAb13Sn5Yas0j2uv9tHgrjwvzAP4A==
  dependencies:
    "@webassemblyjs/ast" "1.11.6"
    "@xtuc/long" "4.2.2"

"@webpack-cli/configtest@^2.1.1":
  version "2.1.1"
  resolved "https://registry.npm.alibaba-inc.com/@webpack-cli/configtest/download/@webpack-cli/configtest-2.1.1.tgz#3b2f852e91dac6e3b85fb2a314fb8bef46d94646"
  integrity sha512-wy0mglZpDSiSS0XHrVR+BAdId2+yxPSoJW8fsna3ZpYSlufjvxnP4YbKTCBZnNIcGN4r6ZPXV55X4mYExOfLmw==

"@webpack-cli/info@^2.0.2":
  version "2.0.2"
  resolved "https://registry.npm.alibaba-inc.com/@webpack-cli/info/download/@webpack-cli/info-2.0.2.tgz#cc3fbf22efeb88ff62310cf885c5b09f44ae0fdd"
  integrity sha512-zLHQdI/Qs1UyT5UBdWNqsARasIA+AaF8t+4u2aS2nEpBQh2mWIVb8qAklq0eUENnC5mOItrIB4LiS9xMtph18A==

"@webpack-cli/serve@^2.0.5":
  version "2.0.5"
  resolved "https://registry.npm.alibaba-inc.com/@webpack-cli/serve/download/@webpack-cli/serve-2.0.5.tgz#325db42395cd49fe6c14057f9a900e427df8810e"
  integrity sha512-lqaoKnRYBdo1UgDX8uF24AfGMifWK19TxPmM5FHc2vAGxrJ/qtyUyFBWoY1tISZdelsQ5fBcOusifo5o5wSJxQ==

"@xtuc/ieee754@^1.2.0":
  version "1.2.0"
  resolved "https://registry.npm.alibaba-inc.com/@xtuc/ieee754/download/@xtuc/ieee754-1.2.0.tgz#eef014a3145ae477a1cbc00cd1e552336dceb790"
  integrity sha1-7vAUoxRa5Hehy8AM0eVSM23Ot5A=

"@xtuc/long@4.2.2":
  version "4.2.2"
  resolved "https://registry.npm.alibaba-inc.com/@xtuc/long/download/@xtuc/long-4.2.2.tgz#d291c6a4e97989b5c61d9acf396ae4fe133a718d"
  integrity sha1-0pHGpOl5ibXGHZrPOWrk/hM6cY0=

acorn-import-assertions@^1.9.0:
  version "1.9.0"
  resolved "https://registry.npm.alibaba-inc.com/acorn-import-assertions/download/acorn-import-assertions-1.9.0.tgz#507276249d684797c84e0734ef84860334cfb1ac"
  integrity sha512-cmMwop9x+8KFhxvKrKfPYmN6/pKTYYHBqLa0DfvVZcKMJWNyWLnaqND7dx/qn66R7ewM1UX5XMaDVP5wlVTaVA==

acorn@^8.7.1, acorn@^8.8.2:
  version "8.9.0"
  resolved "https://registry.npm.alibaba-inc.com/acorn/download/acorn-8.9.0.tgz#78a16e3b2bcc198c10822786fa6679e245db5b59"
  integrity sha512-jaVNAFBHNLXspO543WnNNPZFRtavh3skAkITqD0/2aeMkKZTN+254PyhwxFYrk3vQ1xfY+2wbesJMs/JC8/PwQ==

ajv-keywords@^3.5.2:
  version "3.5.2"
  resolved "https://registry.npm.alibaba-inc.com/ajv-keywords/download/ajv-keywords-3.5.2.tgz#31f29da5ab6e00d1c2d329acf7b5929614d5014d"
  integrity sha1-MfKdpatuANHC0yms97WSlhTVAU0=

ajv@^6.12.5:
  version "6.12.6"
  resolved "https://registry.npm.alibaba-inc.com/ajv/download/ajv-6.12.6.tgz#baf5a62e802b07d977034586f8c3baf5adf26df4"
  integrity sha1-uvWmLoArB9l3A0WG+MO69a3ybfQ=
  dependencies:
    fast-deep-equal "^3.1.1"
    fast-json-stable-stringify "^2.0.0"
    json-schema-traverse "^0.4.1"
    uri-js "^4.2.2"

browserslist@^4.14.5:
  version "4.21.9"
  resolved "https://registry.npm.alibaba-inc.com/browserslist/download/browserslist-4.21.9.tgz#e11bdd3c313d7e2a9e87e8b4b0c7872b13897635"
  integrity sha512-M0MFoZzbUrRU4KNfCrDLnvyE7gub+peetoTid3TBIqtunaDJyXlwhakT+/VkvSXcfIzFfK/nkCs4nmyTmxdNSg==
  dependencies:
    caniuse-lite "^1.0.30001503"
    electron-to-chromium "^1.4.431"
    node-releases "^2.0.12"
    update-browserslist-db "^1.0.11"

buffer-from@^1.0.0:
  version "1.1.2"
  resolved "https://registry.npm.alibaba-inc.com/buffer-from/download/buffer-from-1.1.2.tgz#2b146a6fd72e80b4f55d255f35ed59a3a9a41bd5"
  integrity sha1-KxRqb9cugLT1XSVfNe1Zo6mkG9U=

caniuse-lite@^1.0.30001503:
  version "1.0.30001503"
  resolved "https://registry.npm.alibaba-inc.com/caniuse-lite/download/caniuse-lite-1.0.30001503.tgz#88b6ff1b2cf735f1f3361dc1a15b59f0561aa398"
  integrity sha512-Sf9NiF+wZxPfzv8Z3iS0rXM1Do+iOy2Lxvib38glFX+08TCYYYGR5fRJXk4d77C4AYwhUjgYgMsMudbh2TqCKw==

chrome-trace-event@^1.0.2:
  version "1.0.3"
  resolved "https://registry.npm.alibaba-inc.com/chrome-trace-event/download/chrome-trace-event-1.0.3.tgz#1015eced4741e15d06664a957dbbf50d041e26ac"
  integrity sha1-EBXs7UdB4V0GZkqVfbv1DQQeJqw=

clone-deep@^4.0.1:
  version "4.0.1"
  resolved "https://registry.npm.alibaba-inc.com/clone-deep/download/clone-deep-4.0.1.tgz#c19fd9bdbbf85942b4fd979c84dcf7d5f07c2387"
  integrity sha1-wZ/Zvbv4WUK0/ZechNz31fB8I4c=
  dependencies:
    is-plain-object "^2.0.4"
    kind-of "^6.0.2"
    shallow-clone "^3.0.0"

clsx@^1.2.1:
  version "1.2.1"
  resolved "https://registry.yarnpkg.com/clsx/-/clsx-1.2.1.tgz#0ddc4a20a549b59c93a4116bb26f5294ca17dc12"
  integrity sha512-EcR6r5a8bj6pu3ycsa/E/cKVGuTgZJZdsyUYHOksG/UHIiKfjxzRxYJpyVBwYaQeOvghal9fcc4PidlgzugAQg==

colorette@^2.0.14:
  version "2.0.20"
  resolved "https://registry.npm.alibaba-inc.com/colorette/download/colorette-2.0.20.tgz#9eb793e6833067f7235902fcd3b09917a000a95a"
  integrity sha512-IfEDxwoWIjkeXL1eXcDiow4UbKjhLdq6/EuSVR9GMN7KVH3r9gQ83e73hsz1Nd1T3ijd5xv1wcWRYO+D6kCI2w==

commander@^10.0.1:
  version "10.0.1"
  resolved "https://registry.npm.alibaba-inc.com/commander/download/commander-10.0.1.tgz#881ee46b4f77d1c1dccc5823433aa39b022cbe06"
  integrity sha512-y4Mg2tXshplEbSGzx7amzPwKKOCGuoSRP/CjEdwwk0FOGlUbq6lKuoyDZTNZkmxHdJtp54hdfY/JUrdL7Xfdug==

commander@^2.20.0:
  version "2.20.3"
  resolved "https://registry.npm.alibaba-inc.com/commander/download/commander-2.20.3.tgz#fd485e84c03eb4881c20722ba48035e8531aeb33"
  integrity sha1-/UhehMA+tIgcIHIrpIA16FMa6zM=

cross-spawn@^7.0.3:
  version "7.0.3"
  resolved "https://registry.npm.alibaba-inc.com/cross-spawn/download/cross-spawn-7.0.3.tgz#f73a85b9d5d41d045551c177e2882d4ac85728a6"
  integrity sha1-9zqFudXUHQRVUcF34ogtSshXKKY=
  dependencies:
    path-key "^3.1.0"
    shebang-command "^2.0.0"
    which "^2.0.1"

csstype@^3.0.2:
  version "3.1.2"
  resolved "https://registry.yarnpkg.com/csstype/-/csstype-3.1.2.tgz#1d4bf9d572f11c14031f0436e1c10bc1f571f50b"
  integrity sha512-I7K1Uu0MBPzaFKg4nI5Q7Vs2t+3gWWW648spaF+Rg7pI9ds18Ugn+lvg4SHczUdKlHI5LWBXyqfS8+DufyBsgQ==

electron-to-chromium@^1.4.431:
  version "1.4.432"
  resolved "https://registry.npm.alibaba-inc.com/electron-to-chromium/download/electron-to-chromium-1.4.432.tgz#154a69d5ead974347f534aea4d28b03c7149fd7b"
  integrity sha512-yz3U/khQgAFT2HURJA3/F4fKIyO2r5eK09BQzBZFd6BvBSSaRuzKc2ZNBHtJcO75/EKiRYbVYJZ2RB0P4BuD2g==

enhanced-resolve@^5.14.1:
  version "5.15.0"
  resolved "https://registry.npm.alibaba-inc.com/enhanced-resolve/download/enhanced-resolve-5.15.0.tgz#1af946c7d93603eb88e9896cee4904dc012e9c35"
  integrity sha512-LXYT42KJ7lpIKECr2mAXIaMldcNCh/7E0KBKOu4KSfkHmP+mZmSs+8V5gBAqisWBy0OO4W5Oyys0GO1Y8KtdKg==
  dependencies:
    graceful-fs "^4.2.4"
    tapable "^2.2.0"

envinfo@^7.7.3:
  version "7.8.1"
  resolved "https://registry.npm.alibaba-inc.com/envinfo/download/envinfo-7.8.1.tgz#06377e3e5f4d379fea7ac592d5ad8927e0c4d475"
  integrity sha1-Bjd+Pl9NN5/qesWS1a2JJ+DE1HU=

es-module-lexer@^1.2.1:
  version "1.3.0"
  resolved "https://registry.npm.alibaba-inc.com/es-module-lexer/download/es-module-lexer-1.3.0.tgz#6be9c9e0b4543a60cd166ff6f8b4e9dae0b0c16f"
  integrity sha512-vZK7T0N2CBmBOixhmjdqx2gWVbFZ4DXZ/NyRMZVlJXPa7CyFS+/a4QQsDGDQy9ZfEzxFuNEsMLeQJnKP2p5/JA==

escalade@^3.1.1:
  version "3.1.1"
  resolved "https://registry.npm.alibaba-inc.com/escalade/download/escalade-3.1.1.tgz#d8cfdc7000965c5a0174b4a82eaa5c0552742e40"
  integrity sha1-2M/ccACWXFoBdLSoLqpcBVJ0LkA=

eslint-scope@5.1.1:
  version "5.1.1"
  resolved "https://registry.npm.alibaba-inc.com/eslint-scope/download/eslint-scope-5.1.1.tgz#e786e59a66cb92b3f6c1fb0d508aab174848f48c"
  integrity sha1-54blmmbLkrP2wfsNUIqrF0hI9Iw=
  dependencies:
    esrecurse "^4.3.0"
    estraverse "^4.1.1"

esrecurse@^4.3.0:
  version "4.3.0"
  resolved "https://registry.npm.alibaba-inc.com/esrecurse/download/esrecurse-4.3.0.tgz#7ad7964d679abb28bee72cec63758b1c5d2c9921"
  integrity sha1-eteWTWeauyi+5yzsY3WLHF0smSE=
  dependencies:
    estraverse "^5.2.0"

estraverse@^4.1.1:
  version "4.3.0"
  resolved "https://registry.npm.alibaba-inc.com/estraverse/download/estraverse-4.3.0.tgz#398ad3f3c5a24948be7725e83d11a7de28cdbd1d"
  integrity sha1-OYrT88WiSUi+dyXoPRGn3ijNvR0=

estraverse@^5.2.0:
  version "5.3.0"
  resolved "https://registry.npm.alibaba-inc.com/estraverse/download/estraverse-5.3.0.tgz#2eea5290702f26ab8fe5370370ff86c965d21123"
  integrity sha1-LupSkHAvJquP5TcDcP+GyWXSESM=

events@^3.2.0:
  version "3.3.0"
  resolved "https://registry.npm.alibaba-inc.com/events/download/events-3.3.0.tgz#31a95ad0a924e2d2c419a813aeb2c4e878ea7400"
  integrity sha1-Mala0Kkk4tLEGagTrrLE6HjqdAA=

fast-deep-equal@^3.1.1:
  version "3.1.3"
  resolved "https://registry.npm.alibaba-inc.com/fast-deep-equal/download/fast-deep-equal-3.1.3.tgz#3a7d56b559d6cbc3eb512325244e619a65c6c525"
  integrity sha1-On1WtVnWy8PrUSMlJE5hmmXGxSU=

fast-json-stable-stringify@^2.0.0:
  version "2.1.0"
  resolved "https://registry.npm.alibaba-inc.com/fast-json-stable-stringify/download/fast-json-stable-stringify-2.1.0.tgz#874bf69c6f404c2b5d99c481341399fd55892633"
  integrity sha1-h0v2nG9ATCtdmcSBNBOZ/VWJJjM=

fastest-levenshtein@^1.0.12:
  version "1.0.16"
  resolved "https://registry.npm.alibaba-inc.com/fastest-levenshtein/download/fastest-levenshtein-1.0.16.tgz#210e61b6ff181de91ea9b3d1b84fdedd47e034e5"
  integrity sha512-eRnCtTTtGZFpQCwhJiUOuxPQWRXVKYDn0b2PeHfXL6/Zi53SLAzAHfVhVWK2AryC/WH05kGfxhFIPvTF0SXQzg==

find-up@^4.0.0:
  version "4.1.0"
  resolved "https://registry.npm.alibaba-inc.com/find-up/download/find-up-4.1.0.tgz#97afe7d6cdc0bc5928584b7c8d7b16e8a9aa5d19"
  integrity sha1-l6/n1s3AvFkoWEt8jXsW6KmqXRk=
  dependencies:
    locate-path "^5.0.0"
    path-exists "^4.0.0"

function-bind@^1.1.1:
  version "1.1.1"
  resolved "https://registry.npm.alibaba-inc.com/function-bind/download/function-bind-1.1.1.tgz#a56899d3ea3c9bab874bb9773b7c5ede92f4895d"
  integrity sha1-pWiZ0+o8m6uHS7l3O3xe3pL0iV0=

glob-to-regexp@^0.4.1:
  version "0.4.1"
  resolved "https://registry.npm.alibaba-inc.com/glob-to-regexp/download/glob-to-regexp-0.4.1.tgz#c75297087c851b9a578bd217dd59a92f59fe546e"
  integrity sha1-x1KXCHyFG5pXi9IX3VmpL1n+VG4=

graceful-fs@^4.1.2, graceful-fs@^4.2.4, graceful-fs@^4.2.9:
  version "4.2.11"
  resolved "https://registry.npm.alibaba-inc.com/graceful-fs/download/graceful-fs-4.2.11.tgz#4183e4e8bf08bb6e05bbb2f7d2e0c8f712ca40e3"
  integrity sha512-RbJ5/jmFcNNCcDV5o9eTnBLJ/HszWV0P73bc+Ff4nS/rJj+YaS6IGyiOL0VoBYX+l1Wrl3k63h/KrH+nhJ0XvQ==

has-flag@^4.0.0:
  version "4.0.0"
  resolved "https://registry.npm.alibaba-inc.com/has-flag/download/has-flag-4.0.0.tgz#944771fd9c81c81265c4d6941860da06bb59479b"
  integrity sha1-lEdx/ZyByBJlxNaUGGDaBrtZR5s=

has@^1.0.3:
  version "1.0.3"
  resolved "https://registry.npm.alibaba-inc.com/has/download/has-1.0.3.tgz#722d7cbfc1f6aa8241f16dd814e011e1f41e8796"
  integrity sha1-ci18v8H2qoJB8W3YFOAR4fQeh5Y=
  dependencies:
    function-bind "^1.1.1"

import-local@^3.0.2:
  version "3.1.0"
  resolved "https://registry.npm.alibaba-inc.com/import-local/download/import-local-3.1.0.tgz#b4479df8a5fd44f6cdce24070675676063c95cb4"
  integrity sha512-ASB07uLtnDs1o6EHjKpX34BKYDSqnFerfTOJL2HvMqF70LnxpjkzDB8J44oT9pu4AMPkQwf8jl6szgvNd2tRIg==
  dependencies:
    pkg-dir "^4.2.0"
    resolve-cwd "^3.0.0"

interpret@^3.1.1:
  version "3.1.1"
  resolved "https://registry.npm.alibaba-inc.com/interpret/download/interpret-3.1.1.tgz#5be0ceed67ca79c6c4bc5cf0d7ee843dcea110c4"
  integrity sha512-6xwYfHbajpoF0xLW+iwLkhwgvLoZDfjYfoFNu8ftMoXINzwuymNLd9u/KmwtdT2GbR+/Cz66otEGEVVUHX9QLQ==

is-core-module@^2.11.0:
  version "2.12.1"
  resolved "https://registry.npm.alibaba-inc.com/is-core-module/download/is-core-module-2.12.1.tgz#0c0b6885b6f80011c71541ce15c8d66cf5a4f9fd"
  integrity sha512-Q4ZuBAe2FUsKtyQJoQHlvP8OvBERxO3jEmy1I7hcRXcJBGGHFh/aJBswbXuS9sgrDH2QUO8ilkwNPHvHMd8clg==
  dependencies:
    has "^1.0.3"

is-plain-object@^2.0.4:
  version "2.0.4"
  resolved "https://registry.npm.alibaba-inc.com/is-plain-object/download/is-plain-object-2.0.4.tgz#2c163b3fafb1b606d9d17928f05c2a1c38e07677"
  integrity sha1-LBY7P6+xtgbZ0Xko8FwqHDjgdnc=
  dependencies:
    isobject "^3.0.1"

isexe@^2.0.0:
  version "2.0.0"
  resolved "https://registry.npm.alibaba-inc.com/isexe/download/isexe-2.0.0.tgz#e8fbf374dc556ff8947a10dcb0572d633f2cfa10"
  integrity sha1-6PvzdNxVb/iUehDcsFctYz8s+hA=

isobject@^3.0.1:
  version "3.0.1"
  resolved "https://registry.npm.alibaba-inc.com/isobject/download/isobject-3.0.1.tgz#4e431e92b11a9731636aa1f9c8d1ccbcfdab78df"
  integrity sha1-TkMekrEalzFjaqH5yNHMvP2reN8=

jest-worker@^27.4.5:
  version "27.5.1"
  resolved "https://registry.npm.alibaba-inc.com/jest-worker/download/jest-worker-27.5.1.tgz#8d146f0900e8973b106b6f73cc1e9a8cb86f8db0"
  integrity sha512-7vuh85V5cdDofPyxn58nrPjBktZo0u9x1g8WtjQol+jZDaE+fhN+cIvTj11GndBnMnyfrUOG1sZQxCdjKh+DKg==
  dependencies:
    "@types/node" "*"
    merge-stream "^2.0.0"
    supports-color "^8.0.0"

"js-tokens@^3.0.0 || ^4.0.0":
  version "4.0.0"
  resolved "https://registry.yarnpkg.com/js-tokens/-/js-tokens-4.0.0.tgz#19203fb59991df98e3a287050d4647cdeaf32499"
  integrity sha512-RdJUflcE3cUzKiMqQgsCu06FPu9UdIJO0beYbPhHN4k6apgJtifcoCtT9bcxOpYBtpD2kCM6Sbzg4CausW/PKQ==

json-parse-even-better-errors@^2.3.1:
  version "2.3.1"
  resolved "https://registry.npm.alibaba-inc.com/json-parse-even-better-errors/download/json-parse-even-better-errors-2.3.1.tgz#7c47805a94319928e05777405dc12e1f7a4ee02d"
  integrity sha1-fEeAWpQxmSjgV3dAXcEuH3pO4C0=

json-schema-traverse@^0.4.1:
  version "0.4.1"
  resolved "https://registry.npm.alibaba-inc.com/json-schema-traverse/download/json-schema-traverse-0.4.1.tgz#69f6a87d9513ab8bb8fe63bdb0979c448e684660"
  integrity sha1-afaofZUTq4u4/mO9sJecRI5oRmA=

kind-of@^6.0.2:
  version "6.0.3"
  resolved "https://registry.npm.alibaba-inc.com/kind-of/download/kind-of-6.0.3.tgz#07c05034a6c349fa06e24fa35aa76db4580ce4dd"
  integrity sha1-B8BQNKbDSfoG4k+jWqdttFgM5N0=

loader-runner@^4.2.0:
  version "4.3.0"
  resolved "https://registry.npm.alibaba-inc.com/loader-runner/download/loader-runner-4.3.0.tgz#c1b4a163b99f614830353b16755e7149ac2314e1"
  integrity sha512-3R/1M+yS3j5ou80Me59j7F9IMs4PXs3VqRrm0TU3AbKPxlmpoY1TNscJV/oGJXo8qCatFGTfDbY6W6ipGOYXfg==

locate-path@^5.0.0:
  version "5.0.0"
  resolved "https://registry.npm.alibaba-inc.com/locate-path/download/locate-path-5.0.0.tgz#1afba396afd676a6d42504d0a67a3a7eb9f62aa0"
  integrity sha1-Gvujlq/WdqbUJQTQpno6frn2KqA=
  dependencies:
    p-locate "^4.1.0"

loose-envify@^1.1.0:
  version "1.4.0"
  resolved "https://registry.yarnpkg.com/loose-envify/-/loose-envify-1.4.0.tgz#71ee51fa7be4caec1a63839f7e682d8132d30caf"
  integrity sha512-lyuxPGr/Wfhrlem2CL/UcnUc1zcqKAImBDzukY7Y5F/yQiNdko6+fRLevlw1HgMySw7f611UIY408EtxRSoK3Q==
  dependencies:
    js-tokens "^3.0.0 || ^4.0.0"

merge-stream@^2.0.0:
  version "2.0.0"
  resolved "https://registry.npm.alibaba-inc.com/merge-stream/download/merge-stream-2.0.0.tgz#52823629a14dd00c9770fb6ad47dc6310f2c1f60"
  integrity sha1-UoI2KaFN0AyXcPtq1H3GMQ8sH2A=

mime-db@1.52.0:
  version "1.52.0"
  resolved "https://registry.npm.alibaba-inc.com/mime-db/download/mime-db-1.52.0.tgz#bbabcdc02859f4987301c856e3387ce5ec43bf70"
  integrity sha512-sPU4uV7dYlvtWJxwwxHD0PuihVNiE7TyAbQ5SWxDCB9mUYvOgroQOwYQQOKPJ8CIbE+1ETVlOoK1UC2nU3gYvg==

mime-types@^2.1.27:
  version "2.1.35"
  resolved "https://registry.npm.alibaba-inc.com/mime-types/download/mime-types-2.1.35.tgz#381a871b62a734450660ae3deee44813f70d959a"
  integrity sha512-ZDY+bPm5zTTF+YpCrAU9nK0UgICYPT0QtT1NZWFv4s++TNkcgVaT0g6+4R2uI4MjQjzysHB1zxuWL50hzaeXiw==
  dependencies:
    mime-db "1.52.0"

neo-async@^2.6.2:
  version "2.6.2"
  resolved "https://registry.npm.alibaba-inc.com/neo-async/download/neo-async-2.6.2.tgz#b4aafb93e3aeb2d8174ca53cf163ab7d7308305f"
  integrity sha1-tKr7k+OustgXTKU88WOrfXMIMF8=

node-releases@^2.0.12:
  version "2.0.12"
  resolved "https://registry.npm.alibaba-inc.com/node-releases/download/node-releases-2.0.12.tgz#35627cc224a23bfb06fb3380f2b3afaaa7eb1039"
  integrity sha512-QzsYKWhXTWx8h1kIvqfnC++o0pEmpRQA/aenALsL2F4pqNVr7YzcdMlDij5WBnwftRbJCNJL/O7zdKaxKPHqgQ==

p-limit@^2.2.0:
  version "2.3.0"
  resolved "https://registry.npm.alibaba-inc.com/p-limit/download/p-limit-2.3.0.tgz#3dd33c647a214fdfffd835933eb086da0dc21db1"
  integrity sha1-PdM8ZHohT9//2DWTPrCG2g3CHbE=
  dependencies:
    p-try "^2.0.0"

p-locate@^4.1.0:
  version "4.1.0"
  resolved "https://registry.npm.alibaba-inc.com/p-locate/download/p-locate-4.1.0.tgz#a3428bb7088b3a60292f66919278b7c297ad4f07"
  integrity sha1-o0KLtwiLOmApL2aRkni3wpetTwc=
  dependencies:
    p-limit "^2.2.0"

p-try@^2.0.0:
  version "2.2.0"
  resolved "https://registry.npm.alibaba-inc.com/p-try/download/p-try-2.2.0.tgz#cb2868540e313d61de58fafbe35ce9004d5540e6"
  integrity sha1-yyhoVA4xPWHeWPr741zpAE1VQOY=

path-exists@^4.0.0:
  version "4.0.0"
  resolved "https://registry.npm.alibaba-inc.com/path-exists/download/path-exists-4.0.0.tgz#513bdbe2d3b95d7762e8c1137efa195c6c61b5b3"
  integrity sha1-UTvb4tO5XXdi6METfvoZXGxhtbM=

path-key@^3.1.0:
  version "3.1.1"
  resolved "https://registry.npm.alibaba-inc.com/path-key/download/path-key-3.1.1.tgz#581f6ade658cbba65a0d3380de7753295054f375"
  integrity sha1-WB9q3mWMu6ZaDTOA3ndTKVBU83U=

path-parse@^1.0.7:
  version "1.0.7"
  resolved "https://registry.npm.alibaba-inc.com/path-parse/download/path-parse-1.0.7.tgz#fbc114b60ca42b30d9daf5858e4bd68bbedb6735"
  integrity sha1-+8EUtgykKzDZ2vWFjkvWi77bZzU=

picocolors@^1.0.0:
  version "1.0.0"
  resolved "https://registry.npm.alibaba-inc.com/picocolors/download/picocolors-1.0.0.tgz#cb5bdc74ff3f51892236eaf79d68bc44564ab81c"
  integrity sha1-y1vcdP8/UYkiNur3nWi8RFZKuBw=

pkg-dir@^4.2.0:
  version "4.2.0"
  resolved "https://registry.npm.alibaba-inc.com/pkg-dir/download/pkg-dir-4.2.0.tgz#f099133df7ede422e81d1d8448270eeb3e4261f3"
  integrity sha1-8JkTPfft5CLoHR2ESCcO6z5CYfM=
  dependencies:
    find-up "^4.0.0"

punycode@^2.1.0:
  version "2.3.0"
  resolved "https://registry.npm.alibaba-inc.com/punycode/download/punycode-2.3.0.tgz#f67fa67c94da8f4d0cfff981aee4118064199b8f"
  integrity sha512-rRV+zQD8tVFys26lAGR9WUuS4iUAngJScM+ZRSKtvl5tKeZ2t5bvdNFdNHBW9FWR4guGHlgmsZ1G7BSm2wTbuA==

randombytes@^2.1.0:
  version "2.1.0"
  resolved "https://registry.npm.alibaba-inc.com/randombytes/download/randombytes-2.1.0.tgz#df6f84372f0270dc65cdf6291349ab7a473d4f2a"
  integrity sha1-32+ENy8CcNxlzfYpE0mrekc9Tyo=
  dependencies:
    safe-buffer "^5.1.0"

react-dom@^18.2.0:
  version "18.2.0"
  resolved "https://registry.yarnpkg.com/react-dom/-/react-dom-18.2.0.tgz#22aaf38708db2674ed9ada224ca4aa708d821e3d"
  integrity sha512-6IMTriUmvsjHUjNtEDudZfuDQUoWXVxKHhlEGSk81n4YFS+r/Kl99wXiwlVXtPBtJenozv2P+hxDsw9eA7Xo6g==
  dependencies:
    loose-envify "^1.1.0"
    scheduler "^0.23.0"

react@^18.2.0:
  version "18.2.0"
  resolved "https://registry.yarnpkg.com/react/-/react-18.2.0.tgz#555bd98592883255fa00de14f1151a917b5d77d5"
  integrity sha512-/3IjMdb2L9QbBdWiW5e3P2/npwMBaU9mHCSCUzNln0ZCYbcfTsGbTJrU/kGemdH2IWmB2ioZ+zkxtmq6g09fGQ==
  dependencies:
    loose-envify "^1.1.0"

rechoir@^0.8.0:
  version "0.8.0"
  resolved "https://registry.npm.alibaba-inc.com/rechoir/download/rechoir-0.8.0.tgz#49f866e0d32146142da3ad8f0eff352b3215ff22"
  integrity sha1-Sfhm4NMhRhQto62PDv81KzIV/yI=
  dependencies:
    resolve "^1.20.0"

regenerator-runtime@^0.13.11:
  version "0.13.11"
  resolved "https://registry.yarnpkg.com/regenerator-runtime/-/regenerator-runtime-0.13.11.tgz#f6dca3e7ceec20590d07ada785636a90cdca17f9"
  integrity sha512-kY1AZVr2Ra+t+piVaJ4gxaFaReZVH40AKNo7UCX6W+dEwBo/2oZJzqfuN1qLq1oL45o56cPaTXELwrTh8Fpggg==

resolve-cwd@^3.0.0:
  version "3.0.0"
  resolved "https://registry.npm.alibaba-inc.com/resolve-cwd/download/resolve-cwd-3.0.0.tgz#0f0075f1bb2544766cf73ba6a6e2adfebcb13f2d"
  integrity sha1-DwB18bslRHZs9zumpuKt/ryxPy0=
  dependencies:
    resolve-from "^5.0.0"

resolve-from@^5.0.0:
  version "5.0.0"
  resolved "https://registry.npm.alibaba-inc.com/resolve-from/download/resolve-from-5.0.0.tgz#c35225843df8f776df21c57557bc087e9dfdfc69"
  integrity sha1-w1IlhD3493bfIcV1V7wIfp39/Gk=

resolve@^1.20.0:
  version "1.22.2"
  resolved "https://registry.npm.alibaba-inc.com/resolve/download/resolve-1.22.2.tgz#0ed0943d4e301867955766c9f3e1ae6d01c6845f"
  integrity sha512-Sb+mjNHOULsBv818T40qSPeRiuWLyaGMa5ewydRLFimneixmVy2zdivRl+AF6jaYPC8ERxGDmFSiqui6SfPd+g==
  dependencies:
    is-core-module "^2.11.0"
    path-parse "^1.0.7"
    supports-preserve-symlinks-flag "^1.0.0"

safe-buffer@^5.1.0:
  version "5.2.1"
  resolved "https://registry.npm.alibaba-inc.com/safe-buffer/download/safe-buffer-5.2.1.tgz#1eaf9fa9bdb1fdd4ec75f58f9cdb4e6b7827eec6"
  integrity sha1-Hq+fqb2x/dTsdfWPnNtOa3gn7sY=

scheduler@^0.23.0:
  version "0.23.0"
  resolved "https://registry.yarnpkg.com/scheduler/-/scheduler-0.23.0.tgz#ba8041afc3d30eb206a487b6b384002e4e61fdfe"
  integrity sha512-CtuThmgHNg7zIZWAXi3AsyIzA3n4xx7aNyjwC2VJldO2LMVDhFK+63xGqq6CsJH4rTAt6/M+N4GhZiDYPx9eUw==
  dependencies:
    loose-envify "^1.1.0"

schema-utils@^3.1.1, schema-utils@^3.1.2:
  version "3.3.0"
  resolved "https://registry.npm.alibaba-inc.com/schema-utils/download/schema-utils-3.3.0.tgz#f50a88877c3c01652a15b622ae9e9795df7a60fe"
  integrity sha512-pN/yOAvcC+5rQ5nERGuwrjLlYvLTbCibnZ1I7B1LaiAz9BRBlE9GMgE/eqV30P7aJQUf7Ddimy/RsbYO/GrVGg==
  dependencies:
    "@types/json-schema" "^7.0.8"
    ajv "^6.12.5"
    ajv-keywords "^3.5.2"

serialize-javascript@^6.0.1:
  version "6.0.1"
  resolved "https://registry.npm.alibaba-inc.com/serialize-javascript/download/serialize-javascript-6.0.1.tgz#b206efb27c3da0b0ab6b52f48d170b7996458e5c"
  integrity sha512-owoXEFjWRllis8/M1Q+Cw5k8ZH40e3zhp/ovX+Xr/vi1qj6QesbyXXViFbpNvWvPNAD62SutwEXavefrLJWj7w==
  dependencies:
    randombytes "^2.1.0"

shallow-clone@^3.0.0:
  version "3.0.1"
  resolved "https://registry.npm.alibaba-inc.com/shallow-clone/download/shallow-clone-3.0.1.tgz#8f2981ad92531f55035b01fb230769a40e02efa3"
  integrity sha1-jymBrZJTH1UDWwH7IwdppA4C76M=
  dependencies:
    kind-of "^6.0.2"

shebang-command@^2.0.0:
  version "2.0.0"
  resolved "https://registry.npm.alibaba-inc.com/shebang-command/download/shebang-command-2.0.0.tgz#ccd0af4f8835fbdc265b82461aaf0c36663f34ea"
  integrity sha1-zNCvT4g1+9wmW4JGGq8MNmY/NOo=
  dependencies:
    shebang-regex "^3.0.0"

shebang-regex@^3.0.0:
  version "3.0.0"
  resolved "https://registry.npm.alibaba-inc.com/shebang-regex/download/shebang-regex-3.0.0.tgz#ae16f1644d873ecad843b0307b143362d4c42172"
  integrity sha1-rhbxZE2HPsrYQ7AwexQzYtTEIXI=

source-map-support@~0.5.20:
  version "0.5.21"
  resolved "https://registry.npm.alibaba-inc.com/source-map-support/download/source-map-support-0.5.21.tgz#04fe7c7f9e1ed2d662233c28cb2b35b9f63f6e4f"
  integrity sha1-BP58f54e0tZiIzwoyys1ufY/bk8=
  dependencies:
    buffer-from "^1.0.0"
    source-map "^0.6.0"

source-map@^0.6.0:
  version "0.6.1"
  resolved "https://registry.npm.alibaba-inc.com/source-map/download/source-map-0.6.1.tgz#74722af32e9614e9c287a8d0bbde48b5e2f1a263"
  integrity sha1-dHIq8y6WFOnCh6jQu95IteLxomM=

supports-color@^8.0.0:
  version "8.1.1"
  resolved "https://registry.npm.alibaba-inc.com/supports-color/download/supports-color-8.1.1.tgz#cd6fc17e28500cff56c1b86c0a7fd4a54a73005c"
  integrity sha1-zW/BfihQDP9WwbhsCn/UpUpzAFw=
  dependencies:
    has-flag "^4.0.0"

supports-preserve-symlinks-flag@^1.0.0:
  version "1.0.0"
  resolved "https://registry.npm.alibaba-inc.com/supports-preserve-symlinks-flag/download/supports-preserve-symlinks-flag-1.0.0.tgz#6eda4bd344a3c94aea376d4cc31bc77311039e09"
  integrity sha512-ot0WnXS9fgdkgIcePe6RHNk1WA8+muPa6cSjeR3V8K27q9BB1rTE3R1p7Hv0z1ZyAc8s6Vvv8DIyWf681MAt0w==

tapable@^2.1.1, tapable@^2.2.0:
  version "2.2.1"
  resolved "https://registry.npm.alibaba-inc.com/tapable/download/tapable-2.2.1.tgz#1967a73ef4060a82f12ab96af86d52fdb76eeca0"
  integrity sha1-GWenPvQGCoLxKrlq+G1S/bdu7KA=

terser-webpack-plugin@^5.3.7:
  version "5.3.9"
  resolved "https://registry.npm.alibaba-inc.com/terser-webpack-plugin/download/terser-webpack-plugin-5.3.9.tgz#832536999c51b46d468067f9e37662a3b96adfe1"
  integrity sha512-ZuXsqE07EcggTWQjXUj+Aot/OMcD0bMKGgF63f7UxYcu5/AJF53aIpK1YoP5xR9l6s/Hy2b+t1AM0bLNPRuhwA==
  dependencies:
    "@jridgewell/trace-mapping" "^0.3.17"
    jest-worker "^27.4.5"
    schema-utils "^3.1.1"
    serialize-javascript "^6.0.1"
    terser "^5.16.8"

terser@^5.16.8:
  version "5.17.7"
  resolved "https://registry.npm.alibaba-inc.com/terser/download/terser-5.17.7.tgz#2a8b134826fe179b711969fd9d9a0c2479b2a8c3"
  integrity sha512-/bi0Zm2C6VAexlGgLlVxA0P2lru/sdLyfCVaRMfKVo9nWxbmz7f/sD8VPybPeSUJaJcwmCJis9pBIhcVcG1QcQ==
  dependencies:
    "@jridgewell/source-map" "^0.3.3"
    acorn "^8.8.2"
    commander "^2.20.0"
    source-map-support "~0.5.20"

update-browserslist-db@^1.0.11:
  version "1.0.11"
  resolved "https://registry.npm.alibaba-inc.com/update-browserslist-db/download/update-browserslist-db-1.0.11.tgz#9a2a641ad2907ae7b3616506f4b977851db5b940"
  integrity sha512-dCwEFf0/oT85M1fHBg4F0jtLwJrutGoHSQXCh7u4o2t1drG+c0a9Flnqww6XUKSfQMPpJBRjU8d4RXB09qtvaA==
  dependencies:
    escalade "^3.1.1"
    picocolors "^1.0.0"

uri-js@^4.2.2:
  version "4.4.1"
  resolved "https://registry.npm.alibaba-inc.com/uri-js/download/uri-js-4.4.1.tgz#9b1a52595225859e55f669d928f88c6c57f2a77e"
  integrity sha1-mxpSWVIlhZ5V9mnZKPiMbFfyp34=
  dependencies:
    punycode "^2.1.0"

watchpack@^2.4.0:
  version "2.4.0"
  resolved "https://registry.npm.alibaba-inc.com/watchpack/download/watchpack-2.4.0.tgz#fa33032374962c78113f93c7f2fb4c54c9862a5d"
  integrity sha512-Lcvm7MGST/4fup+ifyKi2hjyIAwcdI4HRgtvTpIUxBRhB+RFtUh8XtDOxUfctVCnhVi+QQj49i91OyvzkJl6cg==
  dependencies:
    glob-to-regexp "^0.4.1"
    graceful-fs "^4.1.2"

webpack-cli@^5.1.4:
  version "5.1.4"
  resolved "https://registry.npm.alibaba-inc.com/webpack-cli/download/webpack-cli-5.1.4.tgz#c8e046ba7eaae4911d7e71e2b25b776fcc35759b"
  integrity sha512-pIDJHIEI9LR0yxHXQ+Qh95k2EvXpWzZ5l+d+jIo+RdSm9MiHfzazIxwwni/p7+x4eJZuvG1AJwgC4TNQ7NRgsg==
  dependencies:
    "@discoveryjs/json-ext" "^0.5.0"
    "@webpack-cli/configtest" "^2.1.1"
    "@webpack-cli/info" "^2.0.2"
    "@webpack-cli/serve" "^2.0.5"
    colorette "^2.0.14"
    commander "^10.0.1"
    cross-spawn "^7.0.3"
    envinfo "^7.7.3"
    fastest-levenshtein "^1.0.12"
    import-local "^3.0.2"
    interpret "^3.1.1"
    rechoir "^0.8.0"
    webpack-merge "^5.7.3"

webpack-merge@^5.7.3:
  version "5.9.0"
  resolved "https://registry.npm.alibaba-inc.com/webpack-merge/download/webpack-merge-5.9.0.tgz#dc160a1c4cf512ceca515cc231669e9ddb133826"
  integrity sha512-6NbRQw4+Sy50vYNTw7EyOn41OZItPiXB8GNv3INSoe3PSFaHJEz3SHTrYVaRm2LilNGnFUzh0FAwqPEmU/CwDg==
  dependencies:
    clone-deep "^4.0.1"
    wildcard "^2.0.0"

webpack-sources@^3.2.3:
  version "3.2.3"
  resolved "https://registry.npm.alibaba-inc.com/webpack-sources/download/webpack-sources-3.2.3.tgz#2d4daab8451fd4b240cc27055ff6a0c2ccea0cde"
  integrity sha512-/DyMEOrDgLKKIG0fmvtz+4dUX/3Ghozwgm6iPp8KRhvn+eQf9+Q7GWxVNMk3+uCPWfdXYC4ExGBckIXdFEfH1w==

webpack@^5.86.0:
  version "5.86.0"
  resolved "https://registry.npm.alibaba-inc.com/webpack/download/webpack-5.86.0.tgz#b0eb81794b62aee0b7e7eb8c5073495217d9fc6d"
  integrity sha512-3BOvworZ8SO/D4GVP+GoRC3fVeg5MO4vzmq8TJJEkdmopxyazGDxN8ClqN12uzrZW9Tv8EED8v5VSb6Sqyi0pg==
  dependencies:
    "@types/eslint-scope" "^3.7.3"
    "@types/estree" "^1.0.0"
    "@webassemblyjs/ast" "^1.11.5"
    "@webassemblyjs/wasm-edit" "^1.11.5"
    "@webassemblyjs/wasm-parser" "^1.11.5"
    acorn "^8.7.1"
    acorn-import-assertions "^1.9.0"
    browserslist "^4.14.5"
    chrome-trace-event "^1.0.2"
    enhanced-resolve "^5.14.1"
    es-module-lexer "^1.2.1"
    eslint-scope "5.1.1"
    events "^3.2.0"
    glob-to-regexp "^0.4.1"
    graceful-fs "^4.2.9"
    json-parse-even-better-errors "^2.3.1"
    loader-runner "^4.2.0"
    mime-types "^2.1.27"
    neo-async "^2.6.2"
    schema-utils "^3.1.2"
    tapable "^2.1.1"
    terser-webpack-plugin "^5.3.7"
    watchpack "^2.4.0"
    webpack-sources "^3.2.3"

which@^2.0.1:
  version "2.0.2"
  resolved "https://registry.npm.alibaba-inc.com/which/download/which-2.0.2.tgz#7c6a8dd0a636a0327e10b59c9286eee93f3f51b1"
  integrity sha1-fGqN0KY2oDJ+ELWckobu6T8/UbE=
  dependencies:
    isexe "^2.0.0"

wildcard@^2.0.0:
  version "2.0.1"
  resolved "https://registry.npm.alibaba-inc.com/wildcard/download/wildcard-2.0.1.tgz#5ab10d02487198954836b6349f74fff961e10f67"
  integrity sha512-CC1bOL87PIWSBhDcTrdeLo6eGT7mCFtrg0uIJtqJUFyK+eJnzl8A1niH56uu7KMa5XFrtiV+AQuHO3n7DsHnLQ==
